// !$*UTF8*$!
{
	archiveVersion = 1;
	classes = {
	};
	objectVersion = 46;
	objects = {

/* Begin PBXBuildFile section */
		363103991CA08F6300536DE4 /* PocketGroversVC.swift in Sources */ = {isa = PBXBuildFile; fileRef = 363103981CA08F6300536DE4 /* PocketGroversVC.swift */; };
		363103A01CA0958800536DE4 /* StudentDirectoryItem.swift in Sources */ = {isa = PBXBuildFile; fileRef = 3631039F1CA0958800536DE4 /* StudentDirectoryItem.swift */; };
		363103A41CA0966500536DE4 /* Tweet.swift in Sources */ = {isa = PBXBuildFile; fileRef = 363103A31CA0966500536DE4 /* Tweet.swift */; };
		363103A61CA0968F00536DE4 /* PocketGrover.swift in Sources */ = {isa = PBXBuildFile; fileRef = 363103A51CA0968F00536DE4 /* PocketGrover.swift */; };
		363103AA1CA0990900536DE4 /* UserTweets.swift in Sources */ = {isa = PBXBuildFile; fileRef = 363103A91CA0990900536DE4 /* UserTweets.swift */; };
		363103AC1CA0993700536DE4 /* DirectoryInformation.swift in Sources */ = {isa = PBXBuildFile; fileRef = 363103AB1CA0993700536DE4 /* DirectoryInformation.swift */; };
		36B92BA51C9F331000E29A3B /* AppDelegate.swift in Sources */ = {isa = PBXBuildFile; fileRef = 36B92BA41C9F331000E29A3B /* AppDelegate.swift */; };
		36B92BAA1C9F331000E29A3B /* Main.storyboard in Resources */ = {isa = PBXBuildFile; fileRef = 36B92BA81C9F331000E29A3B /* Main.storyboard */; };
		36B92BAC1C9F331000E29A3B /* Assets.xcassets in Resources */ = {isa = PBXBuildFile; fileRef = 36B92BAB1C9F331000E29A3B /* Assets.xcassets */; };
		36B92BAF1C9F331000E29A3B /* LaunchScreen.storyboard in Resources */ = {isa = PBXBuildFile; fileRef = 36B92BAD1C9F331000E29A3B /* LaunchScreen.storyboard */; };
		9BACC3C71CA9C03C006B8B09 /* Pokemon GB.ttf in Resources */ = {isa = PBXBuildFile; fileRef = 9BACC3C61CA9C03C006B8B09 /* Pokemon GB.ttf */; };
		9BACC3C91CA9CC99006B8B09 /* ImageDownloader.swift in Sources */ = {isa = PBXBuildFile; fileRef = 9BACC3C81CA9CC99006B8B09 /* ImageDownloader.swift */; };
		9BACC3CF1CA9E5D6006B8B09 /* WelcomeVC.swift in Sources */ = {isa = PBXBuildFile; fileRef = 9BACC3CE1CA9E5D6006B8B09 /* WelcomeVC.swift */; };
/* End PBXBuildFile section */

/* Begin PBXFileReference section */
		363103981CA08F6300536DE4 /* PocketGroversVC.swift */ = {isa = PBXFileReference; fileEncoding = 4; lastKnownFileType = sourcecode.swift; path = PocketGroversVC.swift; sourceTree = "<group>"; };
		3631039F1CA0958800536DE4 /* StudentDirectoryItem.swift */ = {isa = PBXFileReference; fileEncoding = 4; lastKnownFileType = sourcecode.swift; path = StudentDirectoryItem.swift; sourceTree = "<group>"; };
		363103A31CA0966500536DE4 /* Tweet.swift */ = {isa = PBXFileReference; fileEncoding = 4; lastKnownFileType = sourcecode.swift; path = Tweet.swift; sourceTree = "<group>"; };
		363103A51CA0968F00536DE4 /* PocketGrover.swift */ = {isa = PBXFileReference; fileEncoding = 4; lastKnownFileType = sourcecode.swift; path = PocketGrover.swift; sourceTree = "<group>"; };
		363103A91CA0990900536DE4 /* UserTweets.swift */ = {isa = PBXFileReference; fileEncoding = 4; lastKnownFileType = sourcecode.swift; path = UserTweets.swift; sourceTree = "<group>"; };
		363103AB1CA0993700536DE4 /* DirectoryInformation.swift */ = {isa = PBXFileReference; fileEncoding = 4; lastKnownFileType = sourcecode.swift; path = DirectoryInformation.swift; sourceTree = "<group>"; };
		36B92BA11C9F331000E29A3B /* Pocket Grovers.app */ = {isa = PBXFileReference; explicitFileType = wrapper.application; includeInIndex = 0; path = "Pocket Grovers.app"; sourceTree = BUILT_PRODUCTS_DIR; };
		36B92BA41C9F331000E29A3B /* AppDelegate.swift */ = {isa = PBXFileReference; lastKnownFileType = sourcecode.swift; path = AppDelegate.swift; sourceTree = "<group>"; };
		36B92BA91C9F331000E29A3B /* Base */ = {isa = PBXFileReference; lastKnownFileType = file.storyboard; name = Base; path = Base.lproj/Main.storyboard; sourceTree = "<group>"; };
		36B92BAB1C9F331000E29A3B /* Assets.xcassets */ = {isa = PBXFileReference; lastKnownFileType = folder.assetcatalog; path = Assets.xcassets; sourceTree = "<group>"; };
		36B92BAE1C9F331000E29A3B /* Base */ = {isa = PBXFileReference; lastKnownFileType = file.storyboard; name = Base; path = Base.lproj/LaunchScreen.storyboard; sourceTree = "<group>"; };
		36B92BB01C9F331000E29A3B /* Info.plist */ = {isa = PBXFileReference; lastKnownFileType = text.plist.xml; path = Info.plist; sourceTree = "<group>"; };
		9BACC3C61CA9C03C006B8B09 /* Pokemon GB.ttf */ = {isa = PBXFileReference; lastKnownFileType = file; path = "Pokemon GB.ttf"; sourceTree = "<group>"; };
		9BACC3C81CA9CC99006B8B09 /* ImageDownloader.swift */ = {isa = PBXFileReference; fileEncoding = 4; lastKnownFileType = sourcecode.swift; path = ImageDownloader.swift; sourceTree = "<group>"; };
		9BACC3CE1CA9E5D6006B8B09 /* WelcomeVC.swift */ = {isa = PBXFileReference; fileEncoding = 4; lastKnownFileType = sourcecode.swift; path = WelcomeVC.swift; sourceTree = "<group>"; };
/* End PBXFileReference section */

/* Begin PBXFrameworksBuildPhase section */
		36B92B9E1C9F331000E29A3B /* Frameworks */ = {
			isa = PBXFrameworksBuildPhase;
			buildActionMask = 2147483647;
			files = (
			);
			runOnlyForDeploymentPostprocessing = 0;
		};
/* End PBXFrameworksBuildPhase section */

/* Begin PBXGroup section */
		3631039C1CA0953800536DE4 /* Models */ = {
			isa = PBXGroup;
			children = (
				3631039F1CA0958800536DE4 /* StudentDirectoryItem.swift */,
				363103A31CA0966500536DE4 /* Tweet.swift */,
				363103A51CA0968F00536DE4 /* PocketGrover.swift */,
				9BACC3C81CA9CC99006B8B09 /* ImageDownloader.swift */,
			);
			name = Models;
			sourceTree = "<group>";
		};
		3631039D1CA0954500536DE4 /* Repositories */ = {
			isa = PBXGroup;
			children = (
				363103A91CA0990900536DE4 /* UserTweets.swift */,
				363103AB1CA0993700536DE4 /* DirectoryInformation.swift */,
			);
			name = Repositories;
			sourceTree = "<group>";
		};
		3631039E1CA0954F00536DE4 /* Views */ = {
			isa = PBXGroup;
			children = (
				363103981CA08F6300536DE4 /* PocketGroversVC.swift */,
				36B92BA81C9F331000E29A3B /* Main.storyboard */,
				36B92BAD1C9F331000E29A3B /* LaunchScreen.storyboard */,
				9BACC3CE1CA9E5D6006B8B09 /* WelcomeVC.swift */,
			);
			name = Views;
			sourceTree = "<group>";
		};
		36B92B981C9F331000E29A3B = {
			isa = PBXGroup;
			children = (
				36B92BA31C9F331000E29A3B /* Pocket Grovers */,
				36B92BA21C9F331000E29A3B /* Products */,
			);
			sourceTree = "<group>";
		};
		36B92BA21C9F331000E29A3B /* Products */ = {
			isa = PBXGroup;
			children = (
				36B92BA11C9F331000E29A3B /* Pocket Grovers.app */,
			);
			name = Products;
			sourceTree = "<group>";
		};
		36B92BA31C9F331000E29A3B /* Pocket Grovers */ = {
			isa = PBXGroup;
			children = (
				9BACC3C61CA9C03C006B8B09 /* Pokemon GB.ttf */,
				3631039E1CA0954F00536DE4 /* Views */,
				3631039D1CA0954500536DE4 /* Repositories */,
				3631039C1CA0953800536DE4 /* Models */,
				36B92BA41C9F331000E29A3B /* AppDelegate.swift */,
				36B92BAB1C9F331000E29A3B /* Assets.xcassets */,
				36B92BB01C9F331000E29A3B /* Info.plist */,
			);
			path = "Pocket Grovers";
			sourceTree = "<group>";
		};
/* End PBXGroup section */

/* Begin PBXNativeTarget section */
		36B92BA01C9F331000E29A3B /* Pocket Grovers */ = {
			isa = PBXNativeTarget;
			buildConfigurationList = 36B92BB31C9F331000E29A3B /* Build configuration list for PBXNativeTarget "Pocket Grovers" */;
			buildPhases = (
				36B92B9D1C9F331000E29A3B /* Sources */,
				36B92B9E1C9F331000E29A3B /* Frameworks */,
				36B92B9F1C9F331000E29A3B /* Resources */,
			);
			buildRules = (
			);
			dependencies = (
			);
			name = "Pocket Grovers";
			productName = "Pocket Grovers";
			productReference = 36B92BA11C9F331000E29A3B /* Pocket Grovers.app */;
			productType = "com.apple.product-type.application";
		};
/* End PBXNativeTarget section */

/* Begin PBXProject section */
		36B92B991C9F331000E29A3B /* Project object */ = {
			isa = PBXProject;
			attributes = {
				LastSwiftUpdateCheck = 0720;
				LastUpgradeCheck = 0720;
				ORGANIZATIONNAME = "Nafberger Games";
				TargetAttributes = {
					36B92BA01C9F331000E29A3B = {
						CreatedOnToolsVersion = 7.2.1;
					};
				};
			};
			buildConfigurationList = 36B92B9C1C9F331000E29A3B /* Build configuration list for PBXProject "Pocket Grovers" */;
			compatibilityVersion = "Xcode 3.2";
			developmentRegion = English;
			hasScannedForEncodings = 0;
			knownRegions = (
				en,
				Base,
			);
			mainGroup = 36B92B981C9F331000E29A3B;
			productRefGroup = 36B92BA21C9F331000E29A3B /* Products */;
			projectDirPath = "";
			projectRoot = "";
			targets = (
				36B92BA01C9F331000E29A3B /* Pocket Grovers */,
			);
		};
/* End PBXProject section */

/* Begin PBXResourcesBuildPhase section */
		36B92B9F1C9F331000E29A3B /* Resources */ = {
			isa = PBXResourcesBuildPhase;
			buildActionMask = 2147483647;
			files = (
				9BACC3C71CA9C03C006B8B09 /* Pokemon GB.ttf in Resources */,
				36B92BAF1C9F331000E29A3B /* LaunchScreen.storyboard in Resources */,
				36B92BAC1C9F331000E29A3B /* Assets.xcassets in Resources */,
				36B92BAA1C9F331000E29A3B /* Main.storyboard in Resources */,
			);
			runOnlyForDeploymentPostprocessing = 0;
		};
/* End PBXResourcesBuildPhase section */

/* Begin PBXSourcesBuildPhase section */
		36B92B9D1C9F331000E29A3B /* Sources */ = {
			isa = PBXSourcesBuildPhase;
			buildActionMask = 2147483647;
			files = (
				36B92BA51C9F331000E29A3B /* AppDelegate.swift in Sources */,
				363103A01CA0958800536DE4 /* StudentDirectoryItem.swift in Sources */,
				9BACC3C91CA9CC99006B8B09 /* ImageDownloader.swift in Sources */,
				363103AA1CA0990900536DE4 /* UserTweets.swift in Sources */,
				363103A61CA0968F00536DE4 /* PocketGrover.swift in Sources */,
				363103AC1CA0993700536DE4 /* DirectoryInformation.swift in Sources */,
				9BACC3CF1CA9E5D6006B8B09 /* WelcomeVC.swift in Sources */,
				363103991CA08F6300536DE4 /* PocketGroversVC.swift in Sources */,
				363103A41CA0966500536DE4 /* Tweet.swift in Sources */,
			);
			runOnlyForDeploymentPostprocessing = 0;
		};
/* End PBXSourcesBuildPhase section */

/* Begin PBXVariantGroup section */
		36B92BA81C9F331000E29A3B /* Main.storyboard */ = {
			isa = PBXVariantGroup;
			children = (
				36B92BA91C9F331000E29A3B /* Base */,
			);
			name = Main.storyboard;
			sourceTree = "<group>";
		};
		36B92BAD1C9F331000E29A3B /* LaunchScreen.storyboard */ = {
			isa = PBXVariantGroup;
			children = (
				36B92BAE1C9F331000E29A3B /* Base */,
			);
			name = LaunchScreen.storyboard;
			sourceTree = "<group>";
		};
/* End PBXVariantGroup section */

/* Begin XCBuildConfiguration section */
		36B92BB11C9F331000E29A3B /* Debug */ = {
			isa = XCBuildConfiguration;
			buildSettings = {
				ALWAYS_SEARCH_USER_PATHS = NO;
				CLANG_CXX_LANGUAGE_STANDARD = "gnu++0x";
				CLANG_CXX_LIBRARY = "libc++";
				CLANG_ENABLE_MODULES = YES;
				CLANG_ENABLE_OBJC_ARC = YES;
				CLANG_WARN_BOOL_CONVERSION = YES;
				CLANG_WARN_CONSTANT_CONVERSION = YES;
				CLANG_WARN_DIRECT_OBJC_ISA_USAGE = YES_ERROR;
				CLANG_WARN_EMPTY_BODY = YES;
				CLANG_WARN_ENUM_CONVERSION = YES;
				CLANG_WARN_INT_CONVERSION = YES;
				CLANG_WARN_OBJC_ROOT_CLASS = YES_ERROR;
				CLANG_WARN_UNREACHABLE_CODE = YES;
				CLANG_WARN__DUPLICATE_METHOD_MATCH = YES;
				"CODE_SIGN_IDENTITY[sdk=iphoneos*]" = "iPhone Developer";
				COPY_PHASE_STRIP = NO;
				DEBUG_INFORMATION_FORMAT = dwarf;
				ENABLE_STRICT_OBJC_MSGSEND = YES;
				ENABLE_TESTABILITY = YES;
				GCC_C_LANGUAGE_STANDARD = gnu99;
				GCC_DYNAMIC_NO_PIC = NO;
				GCC_NO_COMMON_BLOCKS = YES;
				GCC_OPTIMIZATION_LEVEL = 0;
				GCC_PREPROCESSOR_DEFINITIONS = (
					"DEBUG=1",
					"$(inherited)",
				);
				GCC_WARN_64_TO_32_BIT_CONVERSION = YES;
				GCC_WARN_ABOUT_RETURN_TYPE = YES_ERROR;
				GCC_WARN_UNDECLARED_SELECTOR = YES;
				GCC_WARN_UNINITIALIZED_AUTOS = YES_AGGRESSIVE;
				GCC_WARN_UNUSED_FUNCTION = YES;
				GCC_WARN_UNUSED_VARIABLE = YES;
				IPHONEOS_DEPLOYMENT_TARGET = 9.2;
				MTL_ENABLE_DEBUG_INFO = YES;
				ONLY_ACTIVE_ARCH = YES;
				SDKROOT = iphoneos;
				SWIFT_OPTIMIZATION_LEVEL = "-Onone";
				TARGETED_DEVICE_FAMILY = "1,2";
			};
			name = Debug;
		};
		36B92BB21C9F331000E29A3B /* Release */ = {
			isa = XCBuildConfiguration;
			buildSettings = {
				ALWAYS_SEARCH_USER_PATHS = NO;
				CLANG_CXX_LANGUAGE_STANDARD = "gnu++0x";
				CLANG_CXX_LIBRARY = "libc++";
				CLANG_ENABLE_MODULES = YES;
				CLANG_ENABLE_OBJC_ARC = YES;
				CLANG_WARN_BOOL_CONVERSION = YES;
				CLANG_WARN_CONSTANT_CONVERSION = YES;
				CLANG_WARN_DIRECT_OBJC_ISA_USAGE = YES_ERROR;
				CLANG_WARN_EMPTY_BODY = YES;
				CLANG_WARN_ENUM_CONVERSION = YES;
				CLANG_WARN_INT_CONVERSION = YES;
				CLANG_WARN_OBJC_ROOT_CLASS = YES_ERROR;
				CLANG_WARN_UNREACHABLE_CODE = YES;
				CLANG_WARN__DUPLICATE_METHOD_MATCH = YES;
				"CODE_SIGN_IDENTITY[sdk=iphoneos*]" = "iPhone Developer";
				COPY_PHASE_STRIP = NO;
				DEBUG_INFORMATION_FORMAT = "dwarf-with-dsym";
				ENABLE_NS_ASSERTIONS = NO;
				ENABLE_STRICT_OBJC_MSGSEND = YES;
				GCC_C_LANGUAGE_STANDARD = gnu99;
				GCC_NO_COMMON_BLOCKS = YES;
				GCC_WARN_64_TO_32_BIT_CONVERSION = YES;
				GCC_WARN_ABOUT_RETURN_TYPE = YES_ERROR;
				GCC_WARN_UNDECLARED_SELECTOR = YES;
				GCC_WARN_UNINITIALIZED_AUTOS = YES_AGGRESSIVE;
				GCC_WARN_UNUSED_FUNCTION = YES;
				GCC_WARN_UNUSED_VARIABLE = YES;
				IPHONEOS_DEPLOYMENT_TARGET = 9.2;
				MTL_ENABLE_DEBUG_INFO = NO;
				SDKROOT = iphoneos;
				TARGETED_DEVICE_FAMILY = "1,2";
				VALIDATE_PRODUCT = YES;
			};
			name = Release;
		};
		36B92BB41C9F331000E29A3B /* Debug */ = {
			isa = XCBuildConfiguration;
			buildSettings = {
				ASSETCATALOG_COMPILER_APPICON_NAME = AppIcon;
				INFOPLIST_FILE = "Pocket Grovers/Info.plist";
				LD_RUNPATH_SEARCH_PATHS = "$(inherited) @executable_path/Frameworks";
				PRODUCT_BUNDLE_IDENTIFIER = "GCC.Pocket-Grovers";
				PRODUCT_NAME = "$(TARGET_NAME)";
			};
			name = Debug;
		};
		36B92BB51C9F331000E29A3B /* Release */ = {
			isa = XCBuildConfiguration;
			buildSettings = {
				ASSETCATALOG_COMPILER_APPICON_NAME = AppIcon;
				INFOPLIST_FILE = "Pocket Grovers/Info.plist";
				LD_RUNPATH_SEARCH_PATHS = "$(inherited) @executable_path/Frameworks";
				PRODUCT_BUNDLE_IDENTIFIER = "GCC.Pocket-Grovers";
				PRODUCT_NAME = "$(TARGET_NAME)";
			};
			name = Release;
		};
/* End XCBuildConfiguration section */

/* Begin XCConfigurationList section */
		36B92B9C1C9F331000E29A3B /* Build configuration list for PBXProject "Pocket Grovers" */ = {
			isa = XCConfigurationList;
			buildConfigurations = (
				36B92BB11C9F331000E29A3B /* Debug */,
				36B92BB21C9F331000E29A3B /* Release */,
			);
			defaultConfigurationIsVisible = 0;
			defaultConfigurationName = Release;
		};
		36B92BB31C9F331000E29A3B /* Build configuration list for PBXNativeTarget "Pocket Grovers" */ = {
			isa = XCConfigurationList;
			buildConfigurations = (
				36B92BB41C9F331000E29A3B /* Debug */,
				36B92BB51C9F331000E29A3B /* Release */,
			);
			defaultConfigurationIsVisible = 0;
			defaultConfigurationName = Release;
		};
/* End XCConfigurationList section */
	};
	rootObject = 36B92B991C9F331000E29A3B /* Project object */;
}
